<?xml version="1.0" encoding="UTF-8"?>
<!DOCTYPE plist PUBLIC "-//Apple//DTD PLIST 1.0//EN" "http://www.apple.com/DTDs/PropertyList-1.0.dtd">
<plist version="1.0">
<dict>
	<key>archiveVersion</key>
	<string>1</string>
	<key>classes</key>
	<dict/>
	<key>objectVersion</key>
	<string>46</string>
	<key>objects</key>
	<dict>
		<key>35A498D335658FC728BB60DE</key>
		<dict>
			<key>includeInIndex</key>
			<string>1</string>
			<key>isa</key>
			<string>PBXFileReference</string>
			<key>lastKnownFileType</key>
			<string>text.xcconfig</string>
			<key>name</key>
			<string>Pods-RSCUIMaster.debug.xcconfig</string>
			<key>path</key>
			<string>Pods/Target Support Files/Pods-RSCUIMaster/Pods-RSCUIMaster.debug.xcconfig</string>
			<key>sourceTree</key>
			<string>&lt;group&gt;</string>
		</dict>
		<key>3760A88059F5133394157C84</key>
		<dict>
			<key>includeInIndex</key>
			<string>1</string>
			<key>isa</key>
			<string>PBXFileReference</string>
			<key>lastKnownFileType</key>
			<string>text.xcconfig</string>
			<key>name</key>
			<string>Pods-RSCUIMaster.release.xcconfig</string>
			<key>path</key>
			<string>Pods/Target Support Files/Pods-RSCUIMaster/Pods-RSCUIMaster.release.xcconfig</string>
			<key>sourceTree</key>
			<string>&lt;group&gt;</string>
		</dict>
		<key>63346FDC5435A3F6029EB2AA</key>
		<dict>
			<key>children</key>
			<array>
				<string>E6EC9685442C3F272A56A4EA</string>
			</array>
			<key>isa</key>
			<string>PBXGroup</string>
			<key>name</key>
			<string>Frameworks</string>
			<key>sourceTree</key>
			<string>&lt;group&gt;</string>
		</dict>
		<key>63358E05E7BA0EA957177639</key>
		<dict>
			<key>fileRef</key>
			<string>E6EC9685442C3F272A56A4EA</string>
			<key>isa</key>
			<string>PBXBuildFile</string>
		</dict>
		<key>825AF4E760C661AFB3822052</key>
		<dict>
			<key>children</key>
			<array>
				<string>35A498D335658FC728BB60DE</string>
				<string>3760A88059F5133394157C84</string>
			</array>
			<key>isa</key>
			<string>PBXGroup</string>
			<key>name</key>
			<string>Pods</string>
			<key>sourceTree</key>
			<string>&lt;group&gt;</string>
		</dict>
		<key>8668269F246839E7D92ABF73</key>
		<dict>
			<key>buildActionMask</key>
			<string>2147483647</string>
			<key>files</key>
			<array/>
			<key>inputPaths</key>
			<array/>
			<key>isa</key>
			<string>PBXShellScriptBuildPhase</string>
			<key>name</key>
			<string>Check Pods Manifest.lock</string>
			<key>outputPaths</key>
			<array/>
			<key>runOnlyForDeploymentPostprocessing</key>
			<string>0</string>
			<key>shellPath</key>
			<string>/bin/sh</string>
			<key>shellScript</key>
			<string>diff "${PODS_ROOT}/../Podfile.lock" "${PODS_ROOT}/Manifest.lock" &gt; /dev/null
if [[ $? != 0 ]] ; then
    cat &lt;&lt; EOM
error: The sandbox is not in sync with the Podfile.lock. Run 'pod install' or update your CocoaPods installation.
EOM
    exit 1
fi
</string>
			<key>showEnvVarsInLog</key>
			<string>0</string>
		</dict>
		<key>A68C090D0D62FC440D0B68F2</key>
		<dict>
			<key>buildActionMask</key>
			<string>2147483647</string>
			<key>files</key>
			<array/>
			<key>inputPaths</key>
			<array/>
			<key>isa</key>
			<string>PBXShellScriptBuildPhase</string>
			<key>name</key>
			<string>Copy Pods Resources</string>
			<key>outputPaths</key>
			<array/>
			<key>runOnlyForDeploymentPostprocessing</key>
			<string>0</string>
			<key>shellPath</key>
			<string>/bin/sh</string>
			<key>shellScript</key>
			<string>"${SRCROOT}/Pods/Target Support Files/Pods-RSCUIMaster/Pods-RSCUIMaster-resources.sh"
</string>
			<key>showEnvVarsInLog</key>
			<string>0</string>
		</dict>
		<key>E11FE01D1A17540600B2271B</key>
		<dict>
			<key>children</key>
			<array>
				<string>E167A2591A18A97800118DF3</string>
				<string>E11FE0281A17540600B2271B</string>
				<string>E11FE0451A17540600B2271B</string>
				<string>E11FE0271A17540600B2271B</string>
				<string>825AF4E760C661AFB3822052</string>
				<string>63346FDC5435A3F6029EB2AA</string>
			</array>
			<key>isa</key>
			<string>PBXGroup</string>
			<key>sourceTree</key>
			<string>&lt;group&gt;</string>
		</dict>
		<key>E11FE01E1A17540600B2271B</key>
		<dict>
			<key>attributes</key>
			<dict>
				<key>CLASSPREFIX</key>
				<string>RSC</string>
				<key>LastUpgradeCheck</key>
				<string>0610</string>
				<key>ORGANIZATIONNAME</key>
				<string>UIMaster</string>
				<key>TargetAttributes</key>
				<dict>
					<key>E11FE0251A17540600B2271B</key>
					<dict>
						<key>CreatedOnToolsVersion</key>
						<string>6.1</string>
					</dict>
					<key>E11FE0411A17540600B2271B</key>
					<dict>
						<key>CreatedOnToolsVersion</key>
						<string>6.1</string>
						<key>TestTargetID</key>
						<string>E11FE0251A17540600B2271B</string>
					</dict>
				</dict>
			</dict>
			<key>buildConfigurationList</key>
			<string>E11FE0211A17540600B2271B</string>
			<key>compatibilityVersion</key>
			<string>Xcode 3.2</string>
			<key>developmentRegion</key>
			<string>English</string>
			<key>hasScannedForEncodings</key>
			<string>0</string>
			<key>isa</key>
			<string>PBXProject</string>
			<key>knownRegions</key>
			<array>
				<string>en</string>
				<string>Base</string>
				<string>zh-Hans</string>
			</array>
			<key>mainGroup</key>
			<string>E11FE01D1A17540600B2271B</string>
			<key>productRefGroup</key>
			<string>E11FE0271A17540600B2271B</string>
			<key>projectDirPath</key>
			<string></string>
			<key>projectReferences</key>
			<array/>
			<key>projectRoot</key>
			<string></string>
			<key>targets</key>
			<array>
				<string>E11FE0251A17540600B2271B</string>
				<string>E11FE0411A17540600B2271B</string>
			</array>
		</dict>
		<key>E11FE0211A17540600B2271B</key>
		<dict>
			<key>buildConfigurations</key>
			<array>
				<string>E11FE04A1A17540600B2271B</string>
				<string>E11FE04B1A17540600B2271B</string>
			</array>
			<key>defaultConfigurationIsVisible</key>
			<string>0</string>
			<key>defaultConfigurationName</key>
			<string>Release</string>
			<key>isa</key>
			<string>XCConfigurationList</string>
		</dict>
		<key>E11FE0221A17540600B2271B</key>
		<dict>
			<key>buildActionMask</key>
			<string>2147483647</string>
			<key>files</key>
			<array>
				<string>E11FE0351A17540600B2271B</string>
				<string>E11FE02F1A17540600B2271B</string>
				<string>E167A2421A189F5A00118DF3</string>
				<string>E167A23F1A189C3B00118DF3</string>
				<string>E11FE0321A17540600B2271B</string>
				<string>E11FE02C1A17540600B2271B</string>
				<string>E11FE0541A175B3100B2271B</string>
				<string>E167A2A81A18BBE000118DF3</string>
				<string>E11FE0571A175B6600B2271B</string>
				<string>E11FE05A1A17638700B2271B</string>
			</array>
			<key>isa</key>
			<string>PBXSourcesBuildPhase</string>
			<key>runOnlyForDeploymentPostprocessing</key>
			<string>0</string>
		</dict>
		<key>E11FE0231A17540600B2271B</key>
		<dict>
			<key>buildActionMask</key>
			<string>2147483647</string>
			<key>files</key>
			<array>
				<string>63358E05E7BA0EA957177639</string>
			</array>
			<key>isa</key>
			<string>PBXFrameworksBuildPhase</string>
			<key>runOnlyForDeploymentPostprocessing</key>
			<string>0</string>
		</dict>
		<key>E11FE0251A17540600B2271B</key>
		<dict>
			<key>buildConfigurationList</key>
			<string>E11FE04C1A17540600B2271B</string>
			<key>buildPhases</key>
			<array>
				<string>8668269F246839E7D92ABF73</string>
				<string>E167A2A51A18B6CA00118DF3</string>
				<string>E11FE0221A17540600B2271B</string>
				<string>E11FE0231A17540600B2271B</string>
				<string>E167A2721A18B23700118DF3</string>
				<string>A68C090D0D62FC440D0B68F2</string>
			</array>
			<key>buildRules</key>
			<array/>
			<key>dependencies</key>
			<array/>
			<key>isa</key>
			<string>PBXNativeTarget</string>
			<key>name</key>
			<string>RSCUIMaster</string>
			<key>productName</key>
			<string>RSCUIMaster</string>
			<key>productReference</key>
			<string>E11FE0261A17540600B2271B</string>
			<key>productType</key>
			<string>com.apple.product-type.application</string>
		</dict>
		<key>E11FE0261A17540600B2271B</key>
		<dict>
			<key>explicitFileType</key>
			<string>wrapper.application</string>
			<key>includeInIndex</key>
			<string>0</string>
			<key>isa</key>
			<string>PBXFileReference</string>
			<key>path</key>
			<string>RSCUIMaster.app</string>
			<key>sourceTree</key>
			<string>BUILT_PRODUCTS_DIR</string>
		</dict>
		<key>E11FE0271A17540600B2271B</key>
		<dict>
			<key>children</key>
			<array>
				<string>E11FE0261A17540600B2271B</string>
				<string>E11FE0421A17540600B2271B</string>
			</array>
			<key>isa</key>
			<string>PBXGroup</string>
			<key>name</key>
			<string>Products</string>
			<key>sourceTree</key>
			<string>&lt;group&gt;</string>
		</dict>
		<key>E11FE0281A17540600B2271B</key>
		<dict>
			<key>children</key>
			<array>
				<string>E11FE02D1A17540600B2271B</string>
				<string>E11FE02E1A17540600B2271B</string>
				<string>E167A2431A18A0C700118DF3</string>
				<string>E167A2441A18A0CF00118DF3</string>
				<string>E167A2451A18A0D800118DF3</string>
				<string>E167A2461A18A0E100118DF3</string>
				<string>E167A2A21A18B4B900118DF3</string>
				<string>E11FE0391A17540600B2271B</string>
				<string>E167A2A11A18B4B900118DF3</string>
				<string>E11FE0291A17540600B2271B</string>
			</array>
			<key>isa</key>
			<string>PBXGroup</string>
			<key>path</key>
			<string>RSCUIMaster</string>
			<key>sourceTree</key>
			<string>&lt;group&gt;</string>
		</dict>
		<key>E11FE0291A17540600B2271B</key>
		<dict>
			<key>children</key>
			<array>
				<string>E11FE02A1A17540600B2271B</string>
				<string>E11FE02B1A17540600B2271B</string>
				<string>E167A2521A18A54100118DF3</string>
			</array>
			<key>isa</key>
			<string>PBXGroup</string>
			<key>name</key>
			<string>Supporting Files</string>
			<key>sourceTree</key>
			<string>&lt;group&gt;</string>
		</dict>
		<key>E11FE02A1A17540600B2271B</key>
		<dict>
			<key>isa</key>
			<string>PBXFileReference</string>
			<key>lastKnownFileType</key>
			<string>text.plist.xml</string>
			<key>path</key>
			<string>Info.plist</string>
			<key>sourceTree</key>
			<string>&lt;group&gt;</string>
		</dict>
		<key>E11FE02B1A17540600B2271B</key>
		<dict>
			<key>isa</key>
			<string>PBXFileReference</string>
			<key>lastKnownFileType</key>
			<string>sourcecode.c.objc</string>
			<key>path</key>
			<string>main.m</string>
			<key>sourceTree</key>
			<string>&lt;group&gt;</string>
		</dict>
		<key>E11FE02C1A17540600B2271B</key>
		<dict>
			<key>fileRef</key>
			<string>E11FE02B1A17540600B2271B</string>
			<key>isa</key>
			<string>PBXBuildFile</string>
		</dict>
		<key>E11FE02D1A17540600B2271B</key>
		<dict>
			<key>isa</key>
			<string>PBXFileReference</string>
			<key>lastKnownFileType</key>
			<string>sourcecode.c.h</string>
			<key>path</key>
			<string>AppDelegate.h</string>
			<key>sourceTree</key>
			<string>&lt;group&gt;</string>
		</dict>
		<key>E11FE02E1A17540600B2271B</key>
		<dict>
			<key>isa</key>
			<string>PBXFileReference</string>
			<key>lastKnownFileType</key>
			<string>sourcecode.c.objc</string>
			<key>path</key>
			<string>AppDelegate.m</string>
			<key>sourceTree</key>
			<string>&lt;group&gt;</string>
		</dict>
		<key>E11FE02F1A17540600B2271B</key>
		<dict>
			<key>fileRef</key>
			<string>E11FE02E1A17540600B2271B</string>
			<key>isa</key>
			<string>PBXBuildFile</string>
		</dict>
		<key>E11FE0301A17540600B2271B</key>
		<dict>
			<key>isa</key>
			<string>PBXFileReference</string>
			<key>lastKnownFileType</key>
			<string>sourcecode.c.h</string>
			<key>path</key>
			<string>RSCCategoryController.h</string>
			<key>sourceTree</key>
			<string>&lt;group&gt;</string>
		</dict>
		<key>E11FE0311A17540600B2271B</key>
		<dict>
			<key>isa</key>
			<string>PBXFileReference</string>
			<key>lastKnownFileType</key>
			<string>sourcecode.c.objc</string>
			<key>path</key>
			<string>RSCCategoryController.m</string>
			<key>sourceTree</key>
			<string>&lt;group&gt;</string>
		</dict>
		<key>E11FE0321A17540600B2271B</key>
		<dict>
			<key>fileRef</key>
			<string>E11FE0311A17540600B2271B</string>
			<key>isa</key>
			<string>PBXBuildFile</string>
		</dict>
		<key>E11FE0331A17540600B2271B</key>
		<dict>
			<key>isa</key>
			<string>PBXFileReference</string>
			<key>lastKnownFileType</key>
			<string>sourcecode.c.h</string>
			<key>path</key>
			<string>RSCStructureController.h</string>
			<key>sourceTree</key>
			<string>&lt;group&gt;</string>
		</dict>
		<key>E11FE0341A17540600B2271B</key>
		<dict>
			<key>isa</key>
			<string>PBXFileReference</string>
			<key>lastKnownFileType</key>
			<string>sourcecode.c.objc</string>
			<key>path</key>
			<string>RSCStructureController.m</string>
			<key>sourceTree</key>
			<string>&lt;group&gt;</string>
		</dict>
		<key>E11FE0351A17540600B2271B</key>
		<dict>
			<key>fileRef</key>
			<string>E11FE0341A17540600B2271B</string>
			<key>isa</key>
			<string>PBXBuildFile</string>
		</dict>
		<key>E11FE0391A17540600B2271B</key>
		<dict>
			<key>isa</key>
			<string>PBXFileReference</string>
			<key>lastKnownFileType</key>
			<string>folder.assetcatalog</string>
			<key>path</key>
			<string>Images.xcassets</string>
			<key>sourceTree</key>
			<string>&lt;group&gt;</string>
		</dict>
		<key>E11FE03E1A17540600B2271B</key>
		<dict>
			<key>buildActionMask</key>
			<string>2147483647</string>
			<key>files</key>
			<array>
				<string>E11FE0491A17540600B2271B</string>
			</array>
			<key>isa</key>
			<string>PBXSourcesBuildPhase</string>
			<key>runOnlyForDeploymentPostprocessing</key>
			<string>0</string>
		</dict>
		<key>E11FE03F1A17540600B2271B</key>
		<dict>
			<key>buildActionMask</key>
			<string>2147483647</string>
			<key>files</key>
			<array/>
			<key>isa</key>
			<string>PBXFrameworksBuildPhase</string>
			<key>runOnlyForDeploymentPostprocessing</key>
			<string>0</string>
		</dict>
		<key>E11FE0401A17540600B2271B</key>
		<dict>
			<key>buildActionMask</key>
			<string>2147483647</string>
			<key>files</key>
			<array/>
			<key>isa</key>
			<string>PBXResourcesBuildPhase</string>
			<key>runOnlyForDeploymentPostprocessing</key>
			<string>0</string>
		</dict>
		<key>E11FE0411A17540600B2271B</key>
		<dict>
			<key>buildConfigurationList</key>
			<string>E11FE04F1A17540600B2271B</string>
			<key>buildPhases</key>
			<array>
				<string>E11FE03E1A17540600B2271B</string>
				<string>E11FE03F1A17540600B2271B</string>
				<string>E11FE0401A17540600B2271B</string>
			</array>
			<key>buildRules</key>
			<array/>
			<key>dependencies</key>
			<array>
				<string>E11FE0441A17540600B2271B</string>
			</array>
			<key>isa</key>
			<string>PBXNativeTarget</string>
			<key>name</key>
			<string>RSCUIMasterTests</string>
			<key>productName</key>
			<string>RSCUIMasterTests</string>
			<key>productReference</key>
			<string>E11FE0421A17540600B2271B</string>
			<key>productType</key>
			<string>com.apple.product-type.bundle.unit-test</string>
		</dict>
		<key>E11FE0421A17540600B2271B</key>
		<dict>
			<key>explicitFileType</key>
			<string>wrapper.cfbundle</string>
			<key>includeInIndex</key>
			<string>0</string>
			<key>isa</key>
			<string>PBXFileReference</string>
			<key>path</key>
			<string>RSCUIMasterTests.xctest</string>
			<key>sourceTree</key>
			<string>BUILT_PRODUCTS_DIR</string>
		</dict>
		<key>E11FE0431A17540600B2271B</key>
		<dict>
			<key>containerPortal</key>
			<string>E11FE01E1A17540600B2271B</string>
			<key>isa</key>
			<string>PBXContainerItemProxy</string>
			<key>proxyType</key>
			<string>1</string>
			<key>remoteGlobalIDString</key>
			<string>E11FE0251A17540600B2271B</string>
			<key>remoteInfo</key>
			<string>RSCUIMaster</string>
		</dict>
		<key>E11FE0441A17540600B2271B</key>
		<dict>
			<key>isa</key>
			<string>PBXTargetDependency</string>
			<key>target</key>
			<string>E11FE0251A17540600B2271B</string>
			<key>targetProxy</key>
			<string>E11FE0431A17540600B2271B</string>
		</dict>
		<key>E11FE0451A17540600B2271B</key>
		<dict>
			<key>children</key>
			<array>
				<string>E11FE0481A17540600B2271B</string>
				<string>E11FE0461A17540600B2271B</string>
			</array>
			<key>isa</key>
			<string>PBXGroup</string>
			<key>path</key>
			<string>RSCUIMasterTests</string>
			<key>sourceTree</key>
			<string>&lt;group&gt;</string>
		</dict>
		<key>E11FE0461A17540600B2271B</key>
		<dict>
			<key>children</key>
			<array>
				<string>E11FE0471A17540600B2271B</string>
			</array>
			<key>isa</key>
			<string>PBXGroup</string>
			<key>name</key>
			<string>Supporting Files</string>
			<key>sourceTree</key>
			<string>&lt;group&gt;</string>
		</dict>
		<key>E11FE0471A17540600B2271B</key>
		<dict>
			<key>isa</key>
			<string>PBXFileReference</string>
			<key>lastKnownFileType</key>
			<string>text.plist.xml</string>
			<key>path</key>
			<string>Info.plist</string>
			<key>sourceTree</key>
			<string>&lt;group&gt;</string>
		</dict>
		<key>E11FE0481A17540600B2271B</key>
		<dict>
			<key>isa</key>
			<string>PBXFileReference</string>
			<key>lastKnownFileType</key>
			<string>sourcecode.c.objc</string>
			<key>path</key>
			<string>RSCUIMasterTests.m</string>
			<key>sourceTree</key>
			<string>&lt;group&gt;</string>
		</dict>
		<key>E11FE0491A17540600B2271B</key>
		<dict>
			<key>fileRef</key>
			<string>E11FE0481A17540600B2271B</string>
			<key>isa</key>
			<string>PBXBuildFile</string>
		</dict>
		<key>E11FE04A1A17540600B2271B</key>
		<dict>
			<key>buildSettings</key>
			<dict>
				<key>ALWAYS_SEARCH_USER_PATHS</key>
				<string>NO</string>
				<key>CLANG_CXX_LANGUAGE_STANDARD</key>
				<string>gnu++0x</string>
				<key>CLANG_CXX_LIBRARY</key>
				<string>libc++</string>
				<key>CLANG_ENABLE_MODULES</key>
				<string>YES</string>
				<key>CLANG_ENABLE_OBJC_ARC</key>
				<string>YES</string>
				<key>CLANG_WARN_BOOL_CONVERSION</key>
				<string>YES</string>
				<key>CLANG_WARN_CONSTANT_CONVERSION</key>
				<string>YES</string>
				<key>CLANG_WARN_DIRECT_OBJC_ISA_USAGE</key>
				<string>YES_ERROR</string>
				<key>CLANG_WARN_EMPTY_BODY</key>
				<string>YES</string>
				<key>CLANG_WARN_ENUM_CONVERSION</key>
				<string>YES</string>
				<key>CLANG_WARN_INT_CONVERSION</key>
				<string>YES</string>
				<key>CLANG_WARN_OBJC_ROOT_CLASS</key>
				<string>YES_ERROR</string>
				<key>CLANG_WARN_UNREACHABLE_CODE</key>
				<string>YES</string>
				<key>CLANG_WARN__DUPLICATE_METHOD_MATCH</key>
				<string>YES</string>
				<key>CODE_SIGN_IDENTITY[sdk=iphoneos*]</key>
				<string>iPhone Developer</string>
				<key>COPY_PHASE_STRIP</key>
				<string>NO</string>
				<key>ENABLE_STRICT_OBJC_MSGSEND</key>
				<string>YES</string>
				<key>GCC_C_LANGUAGE_STANDARD</key>
				<string>gnu99</string>
				<key>GCC_DYNAMIC_NO_PIC</key>
				<string>NO</string>
				<key>GCC_OPTIMIZATION_LEVEL</key>
				<string>0</string>
				<key>GCC_PREPROCESSOR_DEFINITIONS</key>
				<array>
					<string>DEBUG=1</string>
					<string>$(inherited)</string>
				</array>
				<key>GCC_SYMBOLS_PRIVATE_EXTERN</key>
				<string>NO</string>
				<key>GCC_WARN_64_TO_32_BIT_CONVERSION</key>
				<string>YES</string>
				<key>GCC_WARN_ABOUT_RETURN_TYPE</key>
				<string>YES_ERROR</string>
				<key>GCC_WARN_UNDECLARED_SELECTOR</key>
				<string>YES</string>
				<key>GCC_WARN_UNINITIALIZED_AUTOS</key>
				<string>YES_AGGRESSIVE</string>
				<key>GCC_WARN_UNUSED_FUNCTION</key>
				<string>YES</string>
				<key>GCC_WARN_UNUSED_VARIABLE</key>
				<string>YES</string>
				<key>IPHONEOS_DEPLOYMENT_TARGET</key>
				<string>8.1</string>
				<key>MTL_ENABLE_DEBUG_INFO</key>
				<string>YES</string>
				<key>ONLY_ACTIVE_ARCH</key>
				<string>YES</string>
				<key>SDKROOT</key>
				<string>iphoneos</string>
			</dict>
			<key>isa</key>
			<string>XCBuildConfiguration</string>
			<key>name</key>
			<string>Debug</string>
		</dict>
		<key>E11FE04B1A17540600B2271B</key>
		<dict>
			<key>buildSettings</key>
			<dict>
				<key>ALWAYS_SEARCH_USER_PATHS</key>
				<string>NO</string>
				<key>CLANG_CXX_LANGUAGE_STANDARD</key>
				<string>gnu++0x</string>
				<key>CLANG_CXX_LIBRARY</key>
				<string>libc++</string>
				<key>CLANG_ENABLE_MODULES</key>
				<string>YES</string>
				<key>CLANG_ENABLE_OBJC_ARC</key>
				<string>YES</string>
				<key>CLANG_WARN_BOOL_CONVERSION</key>
				<string>YES</string>
				<key>CLANG_WARN_CONSTANT_CONVERSION</key>
				<string>YES</string>
				<key>CLANG_WARN_DIRECT_OBJC_ISA_USAGE</key>
				<string>YES_ERROR</string>
				<key>CLANG_WARN_EMPTY_BODY</key>
				<string>YES</string>
				<key>CLANG_WARN_ENUM_CONVERSION</key>
				<string>YES</string>
				<key>CLANG_WARN_INT_CONVERSION</key>
				<string>YES</string>
				<key>CLANG_WARN_OBJC_ROOT_CLASS</key>
				<string>YES_ERROR</string>
				<key>CLANG_WARN_UNREACHABLE_CODE</key>
				<string>YES</string>
				<key>CLANG_WARN__DUPLICATE_METHOD_MATCH</key>
				<string>YES</string>
				<key>CODE_SIGN_IDENTITY[sdk=iphoneos*]</key>
				<string>iPhone Developer</string>
				<key>COPY_PHASE_STRIP</key>
				<string>YES</string>
				<key>ENABLE_NS_ASSERTIONS</key>
				<string>NO</string>
				<key>ENABLE_STRICT_OBJC_MSGSEND</key>
				<string>YES</string>
				<key>GCC_C_LANGUAGE_STANDARD</key>
				<string>gnu99</string>
				<key>GCC_WARN_64_TO_32_BIT_CONVERSION</key>
				<string>YES</string>
				<key>GCC_WARN_ABOUT_RETURN_TYPE</key>
				<string>YES_ERROR</string>
				<key>GCC_WARN_UNDECLARED_SELECTOR</key>
				<string>YES</string>
				<key>GCC_WARN_UNINITIALIZED_AUTOS</key>
				<string>YES_AGGRESSIVE</string>
				<key>GCC_WARN_UNUSED_FUNCTION</key>
				<string>YES</string>
				<key>GCC_WARN_UNUSED_VARIABLE</key>
				<string>YES</string>
				<key>IPHONEOS_DEPLOYMENT_TARGET</key>
				<string>8.1</string>
				<key>MTL_ENABLE_DEBUG_INFO</key>
				<string>NO</string>
				<key>SDKROOT</key>
				<string>iphoneos</string>
				<key>VALIDATE_PRODUCT</key>
				<string>YES</string>
			</dict>
			<key>isa</key>
			<string>XCBuildConfiguration</string>
			<key>name</key>
			<string>Release</string>
		</dict>
		<key>E11FE04C1A17540600B2271B</key>
		<dict>
			<key>buildConfigurations</key>
			<array>
				<string>E11FE04D1A17540600B2271B</string>
				<string>E11FE04E1A17540600B2271B</string>
			</array>
			<key>defaultConfigurationIsVisible</key>
			<string>0</string>
			<key>defaultConfigurationName</key>
			<string>Release</string>
			<key>isa</key>
			<string>XCConfigurationList</string>
		</dict>
		<key>E11FE04D1A17540600B2271B</key>
		<dict>
			<key>baseConfigurationReference</key>
			<string>35A498D335658FC728BB60DE</string>
			<key>buildSettings</key>
			<dict>
				<key>ASSETCATALOG_COMPILER_APPICON_NAME</key>
				<string>AppIcon</string>
				<key>CODE_SIGN_IDENTITY</key>
				<string>iPhone Developer</string>
				<key>GCC_PREFIX_HEADER</key>
				<string>$(SRCROOT)/RSCUIMaster/RSCUIMaster-Prefix.pch</string>
				<key>INFOPLIST_FILE</key>
				<string>RSCUIMaster/Info.plist</string>
				<key>LD_RUNPATH_SEARCH_PATHS</key>
				<string>$(inherited) @executable_path/Frameworks</string>
				<key>PRODUCT_NAME</key>
				<string>$(TARGET_NAME)</string>
			</dict>
			<key>isa</key>
			<string>XCBuildConfiguration</string>
			<key>name</key>
			<string>Debug</string>
		</dict>
		<key>E11FE04E1A17540600B2271B</key>
		<dict>
			<key>baseConfigurationReference</key>
			<string>3760A88059F5133394157C84</string>
			<key>buildSettings</key>
			<dict>
				<key>ASSETCATALOG_COMPILER_APPICON_NAME</key>
				<string>AppIcon</string>
				<key>CODE_SIGN_IDENTITY</key>
				<string>iPhone Distribution</string>
				<key>GCC_PREFIX_HEADER</key>
				<string>$(SRCROOT)/RSCUIMaster/RSCUIMaster-Prefix.pch</string>
				<key>INFOPLIST_FILE</key>
				<string>RSCUIMaster/Info.plist</string>
				<key>LD_RUNPATH_SEARCH_PATHS</key>
				<string>$(inherited) @executable_path/Frameworks</string>
				<key>PRODUCT_NAME</key>
				<string>$(TARGET_NAME)</string>
			</dict>
			<key>isa</key>
			<string>XCBuildConfiguration</string>
			<key>name</key>
			<string>Release</string>
		</dict>
		<key>E11FE04F1A17540600B2271B</key>
		<dict>
			<key>buildConfigurations</key>
			<array>
				<string>E11FE0501A17540600B2271B</string>
				<string>E11FE0511A17540600B2271B</string>
			</array>
			<key>defaultConfigurationIsVisible</key>
			<string>0</string>
			<key>defaultConfigurationName</key>
			<string>Release</string>
			<key>isa</key>
			<string>XCConfigurationList</string>
		</dict>
		<key>E11FE0501A17540600B2271B</key>
		<dict>
			<key>buildSettings</key>
			<dict>
				<key>BUNDLE_LOADER</key>
				<string>$(TEST_HOST)</string>
				<key>FRAMEWORK_SEARCH_PATHS</key>
				<array>
					<string>$(SDKROOT)/Developer/Library/Frameworks</string>
					<string>$(inherited)</string>
				</array>
				<key>GCC_PREPROCESSOR_DEFINITIONS</key>
				<array>
					<string>DEBUG=1</string>
					<string>$(inherited)</string>
				</array>
				<key>INFOPLIST_FILE</key>
				<string>RSCUIMasterTests/Info.plist</string>
				<key>LD_RUNPATH_SEARCH_PATHS</key>
				<string>$(inherited) @executable_path/Frameworks @loader_path/Frameworks</string>
				<key>PRODUCT_NAME</key>
				<string>$(TARGET_NAME)</string>
				<key>TEST_HOST</key>
				<string>$(BUILT_PRODUCTS_DIR)/RSCUIMaster.app/RSCUIMaster</string>
			</dict>
			<key>isa</key>
			<string>XCBuildConfiguration</string>
			<key>name</key>
			<string>Debug</string>
		</dict>
		<key>E11FE0511A17540600B2271B</key>
		<dict>
			<key>buildSettings</key>
			<dict>
				<key>BUNDLE_LOADER</key>
				<string>$(TEST_HOST)</string>
				<key>FRAMEWORK_SEARCH_PATHS</key>
				<array>
					<string>$(SDKROOT)/Developer/Library/Frameworks</string>
					<string>$(inherited)</string>
				</array>
				<key>INFOPLIST_FILE</key>
				<string>RSCUIMasterTests/Info.plist</string>
				<key>LD_RUNPATH_SEARCH_PATHS</key>
				<string>$(inherited) @executable_path/Frameworks @loader_path/Frameworks</string>
				<key>PRODUCT_NAME</key>
				<string>$(TARGET_NAME)</string>
				<key>TEST_HOST</key>
				<string>$(BUILT_PRODUCTS_DIR)/RSCUIMaster.app/RSCUIMaster</string>
			</dict>
			<key>isa</key>
			<string>XCBuildConfiguration</string>
			<key>name</key>
			<string>Release</string>
		</dict>
		<key>E11FE0521A175B3100B2271B</key>
		<dict>
			<key>fileEncoding</key>
			<string>4</string>
			<key>isa</key>
			<string>PBXFileReference</string>
			<key>lastKnownFileType</key>
			<string>sourcecode.c.h</string>
			<key>path</key>
			<string>RSCComponentController.h</string>
			<key>sourceTree</key>
			<string>&lt;group&gt;</string>
		</dict>
		<key>E11FE0531A175B3100B2271B</key>
		<dict>
			<key>fileEncoding</key>
			<string>4</string>
			<key>isa</key>
			<string>PBXFileReference</string>
			<key>lastKnownFileType</key>
			<string>sourcecode.c.objc</string>
			<key>path</key>
			<string>RSCComponentController.m</string>
			<key>sourceTree</key>
			<string>&lt;group&gt;</string>
		</dict>
		<key>E11FE0541A175B3100B2271B</key>
		<dict>
			<key>fileRef</key>
			<string>E11FE0531A175B3100B2271B</string>
			<key>isa</key>
			<string>PBXBuildFile</string>
		</dict>
		<key>E11FE0551A175B6600B2271B</key>
		<dict>
			<key>fileEncoding</key>
			<string>4</string>
			<key>isa</key>
			<string>PBXFileReference</string>
			<key>lastKnownFileType</key>
			<string>sourcecode.c.h</string>
			<key>path</key>
			<string>RSCPlaygroundController.h</string>
			<key>sourceTree</key>
			<string>&lt;group&gt;</string>
		</dict>
		<key>E11FE0561A175B6600B2271B</key>
		<dict>
			<key>fileEncoding</key>
			<string>4</string>
			<key>isa</key>
			<string>PBXFileReference</string>
			<key>lastKnownFileType</key>
			<string>sourcecode.c.objc</string>
			<key>path</key>
			<string>RSCPlaygroundController.m</string>
			<key>sourceTree</key>
			<string>&lt;group&gt;</string>
		</dict>
		<key>E11FE0571A175B6600B2271B</key>
		<dict>
			<key>fileRef</key>
			<string>E11FE0561A175B6600B2271B</string>
			<key>isa</key>
			<string>PBXBuildFile</string>
		</dict>
		<key>E11FE0581A17638700B2271B</key>
		<dict>
			<key>fileEncoding</key>
			<string>4</string>
			<key>isa</key>
			<string>PBXFileReference</string>
			<key>lastKnownFileType</key>
			<string>sourcecode.c.h</string>
			<key>path</key>
			<string>RSCCategoryTableViewCell.h</string>
			<key>sourceTree</key>
			<string>&lt;group&gt;</string>
		</dict>
		<key>E11FE0591A17638700B2271B</key>
		<dict>
			<key>fileEncoding</key>
			<string>4</string>
			<key>isa</key>
			<string>PBXFileReference</string>
			<key>lastKnownFileType</key>
			<string>sourcecode.c.objc</string>
			<key>path</key>
			<string>RSCCategoryTableViewCell.m</string>
			<key>sourceTree</key>
			<string>&lt;group&gt;</string>
		</dict>
		<key>E11FE05A1A17638700B2271B</key>
		<dict>
			<key>fileRef</key>
			<string>E11FE0591A17638700B2271B</string>
			<key>isa</key>
			<string>PBXBuildFile</string>
		</dict>
		<key>E167A23D1A189C3B00118DF3</key>
		<dict>
			<key>fileEncoding</key>
			<string>4</string>
			<key>isa</key>
			<string>PBXFileReference</string>
			<key>lastKnownFileType</key>
			<string>sourcecode.c.h</string>
			<key>path</key>
			<string>RSCStructureTableViewCell.h</string>
			<key>sourceTree</key>
			<string>&lt;group&gt;</string>
		</dict>
		<key>E167A23E1A189C3B00118DF3</key>
		<dict>
			<key>fileEncoding</key>
			<string>4</string>
			<key>isa</key>
			<string>PBXFileReference</string>
			<key>lastKnownFileType</key>
			<string>sourcecode.c.objc</string>
			<key>path</key>
			<string>RSCStructureTableViewCell.m</string>
			<key>sourceTree</key>
			<string>&lt;group&gt;</string>
		</dict>
		<key>E167A23F1A189C3B00118DF3</key>
		<dict>
			<key>fileRef</key>
			<string>E167A23E1A189C3B00118DF3</string>
			<key>isa</key>
			<string>PBXBuildFile</string>
		</dict>
		<key>E167A2401A189F5A00118DF3</key>
		<dict>
			<key>fileEncoding</key>
			<string>4</string>
			<key>isa</key>
			<string>PBXFileReference</string>
			<key>lastKnownFileType</key>
			<string>sourcecode.c.h</string>
			<key>path</key>
			<string>RSCComponentTableViewCell.h</string>
			<key>sourceTree</key>
			<string>&lt;group&gt;</string>
		</dict>
		<key>E167A2411A189F5A00118DF3</key>
		<dict>
			<key>fileEncoding</key>
			<string>4</string>
			<key>isa</key>
			<string>PBXFileReference</string>
			<key>lastKnownFileType</key>
			<string>sourcecode.c.objc</string>
			<key>path</key>
			<string>RSCComponentTableViewCell.m</string>
			<key>sourceTree</key>
			<string>&lt;group&gt;</string>
		</dict>
		<key>E167A2421A189F5A00118DF3</key>
		<dict>
			<key>fileRef</key>
			<string>E167A2411A189F5A00118DF3</string>
			<key>isa</key>
			<string>PBXBuildFile</string>
		</dict>
		<key>E167A2431A18A0C700118DF3</key>
		<dict>
			<key>children</key>
			<array>
				<string>E11FE0301A17540600B2271B</string>
				<string>E11FE0311A17540600B2271B</string>
				<string>E11FE0581A17638700B2271B</string>
				<string>E11FE0591A17638700B2271B</string>
			</array>
			<key>isa</key>
			<string>PBXGroup</string>
			<key>name</key>
			<string>Category</string>
			<key>sourceTree</key>
			<string>&lt;group&gt;</string>
		</dict>
		<key>E167A2441A18A0CF00118DF3</key>
		<dict>
			<key>children</key>
			<array>
				<string>E11FE0331A17540600B2271B</string>
				<string>E11FE0341A17540600B2271B</string>
				<string>E167A23D1A189C3B00118DF3</string>
				<string>E167A23E1A189C3B00118DF3</string>
			</array>
			<key>isa</key>
			<string>PBXGroup</string>
			<key>name</key>
			<string>Structure</string>
			<key>sourceTree</key>
			<string>&lt;group&gt;</string>
		</dict>
		<key>E167A2451A18A0D800118DF3</key>
		<dict>
			<key>children</key>
			<array>
				<string>E11FE0521A175B3100B2271B</string>
				<string>E11FE0531A175B3100B2271B</string>
				<string>E167A2401A189F5A00118DF3</string>
				<string>E167A2411A189F5A00118DF3</string>
			</array>
			<key>isa</key>
			<string>PBXGroup</string>
			<key>name</key>
			<string>Component</string>
			<key>sourceTree</key>
			<string>&lt;group&gt;</string>
		</dict>
		<key>E167A2461A18A0E100118DF3</key>
		<dict>
			<key>children</key>
			<array>
				<string>E11FE0551A175B6600B2271B</string>
				<string>E11FE0561A175B6600B2271B</string>
			</array>
			<key>isa</key>
			<string>PBXGroup</string>
			<key>name</key>
			<string>Playground</string>
			<key>sourceTree</key>
			<string>&lt;group&gt;</string>
		</dict>
		<key>E167A2521A18A54100118DF3</key>
		<dict>
			<key>isa</key>
			<string>PBXFileReference</string>
			<key>lastKnownFileType</key>
			<string>sourcecode.c.h</string>
			<key>path</key>
			<string>RSCUIMaster-Prefix.pch</string>
			<key>sourceTree</key>
			<string>&lt;group&gt;</string>
		</dict>
		<key>E167A2591A18A97800118DF3</key>
		<dict>
			<key>children</key>
			<array>
				<string>E167A2AD1A18C2D600118DF3</string>
				<string>E167A2981A18B41100118DF3</string>
				<string>E167A2A91A18C2B500118DF3</string>
			</array>
			<key>isa</key>
			<string>PBXGroup</string>
			<key>path</key>
			<string>Resources</string>
			<key>sourceTree</key>
			<string>&lt;group&gt;</string>
		</dict>
		<key>E167A2721A18B23700118DF3</key>
		<dict>
			<key>buildActionMask</key>
			<string>2147483647</string>
			<key>files</key>
			<array>
				<string>E167A2A41A18B4B900118DF3</string>
				<string>E167A2A01A18B41100118DF3</string>
				<string>E167A29F1A18B41100118DF3</string>
				<string>E167A2741A18B24600118DF3</string>
				<string>E167A2A31A18B4B900118DF3</string>
				<string>E167A2AB1A18C2B500118DF3</string>
			</array>
			<key>isa</key>
			<string>PBXResourcesBuildPhase</string>
			<key>runOnlyForDeploymentPostprocessing</key>
			<string>0</string>
		</dict>
		<key>E167A2741A18B24600118DF3</key>
		<dict>
			<key>fileRef</key>
			<string>E11FE0391A17540600B2271B</string>
			<key>isa</key>
			<string>PBXBuildFile</string>
		</dict>
		<key>E167A2981A18B41100118DF3</key>
		<dict>
			<key>children</key>
			<array>
				<string>E167A2991A18B41100118DF3</string>
				<string>E167A29B1A18B41100118DF3</string>
			</array>
			<key>isa</key>
			<string>PBXGroup</string>
			<key>path</key>
			<string>Strings</string>
			<key>sourceTree</key>
			<string>&lt;group&gt;</string>
		</dict>
		<key>E167A2991A18B41100118DF3</key>
		<dict>
			<key>children</key>
			<array>
				<string>E167A29A1A18B41100118DF3</string>
				<string>E167A29D1A18B41100118DF3</string>
			</array>
			<key>isa</key>
			<string>PBXVariantGroup</string>
			<key>name</key>
			<string>InfoPlist.strings</string>
			<key>sourceTree</key>
			<string>&lt;group&gt;</string>
		</dict>
		<key>E167A29A1A18B41100118DF3</key>
		<dict>
			<key>isa</key>
			<string>PBXFileReference</string>
			<key>lastKnownFileType</key>
			<string>text.plist.strings</string>
			<key>name</key>
			<string>Base</string>
			<key>path</key>
			<string>Base.lproj/InfoPlist.strings</string>
			<key>sourceTree</key>
			<string>&lt;group&gt;</string>
		</dict>
		<key>E167A29B1A18B41100118DF3</key>
		<dict>
			<key>children</key>
			<array>
				<string>E167A29C1A18B41100118DF3</string>
				<string>E167A29E1A18B41100118DF3</string>
			</array>
			<key>isa</key>
			<string>PBXVariantGroup</string>
			<key>name</key>
			<string>Localizable.strings</string>
			<key>sourceTree</key>
			<string>&lt;group&gt;</string>
		</dict>
		<key>E167A29C1A18B41100118DF3</key>
		<dict>
			<key>isa</key>
			<string>PBXFileReference</string>
			<key>lastKnownFileType</key>
			<string>text.plist.strings</string>
			<key>name</key>
			<string>Base</string>
			<key>path</key>
			<string>Base.lproj/Localizable.strings</string>
			<key>sourceTree</key>
			<string>&lt;group&gt;</string>
		</dict>
		<key>E167A29D1A18B41100118DF3</key>
		<dict>
			<key>isa</key>
			<string>PBXFileReference</string>
			<key>lastKnownFileType</key>
			<string>text.plist.strings</string>
			<key>name</key>
			<string>zh-Hans</string>
			<key>path</key>
			<string>zh-Hans.lproj/InfoPlist.strings</string>
			<key>sourceTree</key>
			<string>&lt;group&gt;</string>
		</dict>
		<key>E167A29E1A18B41100118DF3</key>
		<dict>
			<key>isa</key>
			<string>PBXFileReference</string>
			<key>lastKnownFileType</key>
			<string>text.plist.strings</string>
			<key>name</key>
			<string>zh-Hans</string>
			<key>path</key>
			<string>zh-Hans.lproj/Localizable.strings</string>
			<key>sourceTree</key>
			<string>&lt;group&gt;</string>
		</dict>
		<key>E167A29F1A18B41100118DF3</key>
		<dict>
			<key>fileRef</key>
			<string>E167A2991A18B41100118DF3</string>
			<key>isa</key>
			<string>PBXBuildFile</string>
		</dict>
		<key>E167A2A01A18B41100118DF3</key>
		<dict>
			<key>fileRef</key>
			<string>E167A29B1A18B41100118DF3</string>
			<key>isa</key>
			<string>PBXBuildFile</string>
		</dict>
		<key>E167A2A11A18B4B900118DF3</key>
		<dict>
			<key>fileEncoding</key>
			<string>4</string>
			<key>isa</key>
			<string>PBXFileReference</string>
			<key>lastKnownFileType</key>
			<string>file.xib</string>
			<key>path</key>
			<string>LaunchScreen.xib</string>
			<key>sourceTree</key>
			<string>&lt;group&gt;</string>
		</dict>
		<key>E167A2A21A18B4B900118DF3</key>
		<dict>
			<key>fileEncoding</key>
			<string>4</string>
			<key>isa</key>
			<string>PBXFileReference</string>
			<key>lastKnownFileType</key>
			<string>file.storyboard</string>
			<key>path</key>
			<string>Main.storyboard</string>
			<key>sourceTree</key>
			<string>&lt;group&gt;</string>
		</dict>
		<key>E167A2A31A18B4B900118DF3</key>
		<dict>
			<key>fileRef</key>
			<string>E167A2A11A18B4B900118DF3</string>
			<key>isa</key>
			<string>PBXBuildFile</string>
		</dict>
		<key>E167A2A41A18B4B900118DF3</key>
		<dict>
			<key>fileRef</key>
			<string>E167A2A21A18B4B900118DF3</string>
			<key>isa</key>
			<string>PBXBuildFile</string>
		</dict>
		<key>E167A2A51A18B6CA00118DF3</key>
		<dict>
			<key>buildActionMask</key>
			<string>2147483647</string>
			<key>files</key>
			<array/>
			<key>inputPaths</key>
			<array/>
			<key>isa</key>
			<string>PBXShellScriptBuildPhase</string>
			<key>outputPaths</key>
			<array/>
			<key>runOnlyForDeploymentPostprocessing</key>
			<string>0</string>
			<key>shellPath</key>
			<string>/bin/sh</string>
			<key>shellScript</key>
			<string>"${SRCROOT}/Script/runScript.sh" "${SRCROOT}"</string>
		</dict>
		<key>E167A2A61A18BBE000118DF3</key>
		<dict>
			<key>fileEncoding</key>
			<string>4</string>
			<key>isa</key>
			<string>PBXFileReference</string>
			<key>lastKnownFileType</key>
			<string>sourcecode.c.h</string>
			<key>name</key>
			<string>RSCLocalizedStrings.h</string>
			<key>path</key>
			<string>autogen/RSCLocalizedStrings.h</string>
			<key>sourceTree</key>
			<string>SOURCE_ROOT</string>
		</dict>
		<key>E167A2A71A18BBE000118DF3</key>
		<dict>
			<key>fileEncoding</key>
			<string>4</string>
			<key>isa</key>
			<string>PBXFileReference</string>
			<key>lastKnownFileType</key>
			<string>sourcecode.c.objc</string>
			<key>name</key>
			<string>RSCLocalizedStrings.m</string>
			<key>path</key>
			<string>autogen/RSCLocalizedStrings.m</string>
			<key>sourceTree</key>
			<string>SOURCE_ROOT</string>
		</dict>
		<key>E167A2A81A18BBE000118DF3</key>
		<dict>
			<key>fileRef</key>
			<string>E167A2A71A18BBE000118DF3</string>
			<key>isa</key>
			<string>PBXBuildFile</string>
		</dict>
		<key>E167A2A91A18C2B500118DF3</key>
		<dict>
			<key>children</key>
			<array>
				<string>E167A2AA1A18C2B500118DF3</string>
			</array>
			<key>isa</key>
			<string>PBXGroup</string>
			<key>path</key>
			<string>Images</string>
			<key>sourceTree</key>
			<string>&lt;group&gt;</string>
		</dict>
		<key>E167A2AA1A18C2B500118DF3</key>
		<dict>
			<key>isa</key>
			<string>PBXFileReference</string>
			<key>lastKnownFileType</key>
			<string>image.png</string>
			<key>path</key>
			<string>test.png</string>
			<key>sourceTree</key>
			<string>&lt;group&gt;</string>
		</dict>
		<key>E167A2AB1A18C2B500118DF3</key>
		<dict>
			<key>fileRef</key>
			<string>E167A2AA1A18C2B500118DF3</string>
			<key>isa</key>
			<string>PBXBuildFile</string>
		</dict>
		<key>E167A2AC1A18C2D000118DF3</key>
		<dict>
			<key>isa</key>
			<string>PBXFileReference</string>
			<key>lastKnownFileType</key>
			<string>sourcecode.c.h</string>
			<key>name</key>
			<string>RSCImageResources.h</string>
			<key>path</key>
			<string>AutoGen/RSCImageResources.h</string>
			<key>sourceTree</key>
			<string>SOURCE_ROOT</string>
		</dict>
		<key>E167A2AD1A18C2D600118DF3</key>
		<dict>
			<key>children</key>
			<array>
				<string>E167A2A61A18BBE000118DF3</string>
				<string>E167A2A71A18BBE000118DF3</string>
				<string>E167A2AC1A18C2D000118DF3</string>
			</array>
			<key>isa</key>
			<string>PBXGroup</string>
			<key>name</key>
			<string>AutoGen</string>
			<key>path</key>
			<string>Strings</string>
			<key>sourceTree</key>
			<string>&lt;group&gt;</string>
		</dict>
		<key>E6EC9685442C3F272A56A4EA</key>
		<dict>
			<key>explicitFileType</key>
			<string>archive.ar</string>
			<key>includeInIndex</key>
			<string>0</string>
			<key>isa</key>
			<string>PBXFileReference</string>
			<key>path</key>
			<string>libPods-RSCUIMaster.a</string>
			<key>sourceTree</key>
			<string>BUILT_PRODUCTS_DIR</string>
		</dict>
	</dict>
	<key>rootObject</key>
	<string>E11FE01E1A17540600B2271B</string>
</dict>
</plist>
